
Microsoft Visual Studio Solution File, Format Version 12.00
# Visual Studio Version 17
VisualStudioVersion = 17.11.35327.3
MinimumVisualStudioVersion = 10.0.40219.1
Project("{FAE04EC0-301F-11D3-BF4B-00C04F79EFBC}") = "SimpleCalculator", "SimpleCalculator.csproj", "{52A47949-A44C-4C8D-8E07-7764CD6397BD}"
EndProject
Global
	GlobalSection(SolutionConfigurationPlatforms) = preSolution
		Debug|Any CPU = Debug|Any CPU
		Release|Any CPU = Release|Any CPU
	EndGlobalSection
	GlobalSection(ProjectConfigurationPlatforms) = postSolution
		{52A47949-A44C-4C8D-8E07-7764CD6397BD}.Debug|Any CPU.ActiveCfg = Debug|Any CPU
		{52A47949-A44C-4C8D-8E07-7764CD6397BD}.Debug|Any CPU.Build.0 = Debug|Any CPU
		{52A47949-A44C-4C8D-8E07-7764CD6397BD}.Release|Any CPU.ActiveCfg = Release|Any CPU
		{52A47949-A44C-4C8D-8E07-7764CD6397BD}.Release|Any CPU.Build.0 = Release|Any CPU
	EndGlobalSection
	GlobalSection(SolutionProperties) = preSolution
		HideSolutionNode = FALSE
	EndGlobalSection
	GlobalSection(ExtensibilityGlobals) = postSolution
		SolutionGuid = {ABF1912B-BA0F-4A54-B50E-BF6A263BF6C1}
	EndGlobalSection
EndGlobal
